// !$*UTF8*$!
{
	archiveVersion = 1;
	classes = {
	};
	objectVersion = 46;
	objects = {

/* Begin PBXBuildFile section */
		95234C671913AB1000C80BEB /* FRDLivelyButton.m in Sources */ = {isa = PBXBuildFile; fileRef = 95234C661913AB1000C80BEB /* FRDLivelyButton.m */; };
		95951BB3190296C50051B628 /* list_divider_line.png in Resources */ = {isa = PBXBuildFile; fileRef = 95951BB2190296C50051B628 /* list_divider_line.png */; };
		95A2087118FE73BC009CDEA3 /* blackArrow.png in Resources */ = {isa = PBXBuildFile; fileRef = 95A2086618FE73BC009CDEA3 /* blackArrow.png */; };
		95A2087218FE73BC009CDEA3 /* blackArrow@2x.png in Resources */ = {isa = PBXBuildFile; fileRef = 95A2086718FE73BC009CDEA3 /* blackArrow@2x.png */; };
		95A2087318FE73BC009CDEA3 /* blueArrow.png in Resources */ = {isa = PBXBuildFile; fileRef = 95A2086818FE73BC009CDEA3 /* blueArrow.png */; };
		95A2087418FE73BC009CDEA3 /* blueArrow@2x.png in Resources */ = {isa = PBXBuildFile; fileRef = 95A2086918FE73BC009CDEA3 /* blueArrow@2x.png */; };
		95A2087518FE73BC009CDEA3 /* grayArrow.png in Resources */ = {isa = PBXBuildFile; fileRef = 95A2086A18FE73BC009CDEA3 /* grayArrow.png */; };
		95A2087618FE73BC009CDEA3 /* grayArrow@2x.png in Resources */ = {isa = PBXBuildFile; fileRef = 95A2086B18FE73BC009CDEA3 /* grayArrow@2x.png */; };
		95A2087718FE73BC009CDEA3 /* whiteArrow.png in Resources */ = {isa = PBXBuildFile; fileRef = 95A2086C18FE73BC009CDEA3 /* whiteArrow.png */; };
		95A2087818FE73BC009CDEA3 /* whiteArrow@2x.png in Resources */ = {isa = PBXBuildFile; fileRef = 95A2086D18FE73BC009CDEA3 /* whiteArrow@2x.png */; };
		95A2087918FE73BC009CDEA3 /* EGORefreshTableHeaderView.m in Sources */ = {isa = PBXBuildFile; fileRef = 95A2087018FE73BC009CDEA3 /* EGORefreshTableHeaderView.m */; };
		95A2088118FE887D009CDEA3 /* Localizable.strings in Resources */ = {isa = PBXBuildFile; fileRef = 95A2088318FE887D009CDEA3 /* Localizable.strings */; };
		95AEBDC818F98AAF00C7E8E4 /* Foundation.framework in Frameworks */ = {isa = PBXBuildFile; fileRef = 95AEBDC718F98AAF00C7E8E4 /* Foundation.framework */; };
		95AEBDCA18F98AAF00C7E8E4 /* CoreGraphics.framework in Frameworks */ = {isa = PBXBuildFile; fileRef = 95AEBDC918F98AAF00C7E8E4 /* CoreGraphics.framework */; };
		95AEBDCC18F98AAF00C7E8E4 /* UIKit.framework in Frameworks */ = {isa = PBXBuildFile; fileRef = 95AEBDCB18F98AAF00C7E8E4 /* UIKit.framework */; };
		95AEBDD218F98AAF00C7E8E4 /* InfoPlist.strings in Resources */ = {isa = PBXBuildFile; fileRef = 95AEBDD018F98AAF00C7E8E4 /* InfoPlist.strings */; };
		95AEBDD418F98AAF00C7E8E4 /* main.m in Sources */ = {isa = PBXBuildFile; fileRef = 95AEBDD318F98AAF00C7E8E4 /* main.m */; };
		95AEBDD818F98AAF00C7E8E4 /* XLCAppDelegate.m in Sources */ = {isa = PBXBuildFile; fileRef = 95AEBDD718F98AAF00C7E8E4 /* XLCAppDelegate.m */; };
		95AEBDDB18F98AAF00C7E8E4 /* Main.storyboard in Resources */ = {isa = PBXBuildFile; fileRef = 95AEBDD918F98AAF00C7E8E4 /* Main.storyboard */; };
		95AEBDE318F98AAF00C7E8E4 /* Images.xcassets in Resources */ = {isa = PBXBuildFile; fileRef = 95AEBDE218F98AAF00C7E8E4 /* Images.xcassets */; };
		95AEBDEA18F98AAF00C7E8E4 /* XCTest.framework in Frameworks */ = {isa = PBXBuildFile; fileRef = 95AEBDE918F98AAF00C7E8E4 /* XCTest.framework */; };
		95AEBDEB18F98AAF00C7E8E4 /* Foundation.framework in Frameworks */ = {isa = PBXBuildFile; fileRef = 95AEBDC718F98AAF00C7E8E4 /* Foundation.framework */; };
		95AEBDEC18F98AAF00C7E8E4 /* UIKit.framework in Frameworks */ = {isa = PBXBuildFile; fileRef = 95AEBDCB18F98AAF00C7E8E4 /* UIKit.framework */; };
		95AEBDF418F98AAF00C7E8E4 /* InfoPlist.strings in Resources */ = {isa = PBXBuildFile; fileRef = 95AEBDF218F98AAF00C7E8E4 /* InfoPlist.strings */; };
		95AEBDF618F98AAF00C7E8E4 /* fdubbsClientIphoneTests.m in Sources */ = {isa = PBXBuildFile; fileRef = 95AEBDF518F98AAF00C7E8E4 /* fdubbsClientIphoneTests.m */; };
		95AEBE0C18FA61E600C7E8E4 /* XLCUtil.m in Sources */ = {isa = PBXBuildFile; fileRef = 95AEBE0B18FA61E600C7E8E4 /* XLCUtil.m */; };
		95AEBE1618FA678D00C7E8E4 /* XLCPostMetaData.m in Sources */ = {isa = PBXBuildFile; fileRef = 95AEBE1518FA678D00C7E8E4 /* XLCPostMetaData.m */; };
		95AEBE1B18FA67A600C7E8E4 /* XLCPostManager.m in Sources */ = {isa = PBXBuildFile; fileRef = 95AEBE1A18FA67A600C7E8E4 /* XLCPostManager.m */; };
		95AEBE1E18FA67BD00C7E8E4 /* XLCPostSummary.m in Sources */ = {isa = PBXBuildFile; fileRef = 95AEBE1D18FA67BD00C7E8E4 /* XLCPostSummary.m */; };
		95AEBE2318FA7FAD00C7E8E4 /* XLCRESTfulClient.m in Sources */ = {isa = PBXBuildFile; fileRef = 95AEBE2218FA7FAD00C7E8E4 /* XLCRESTfulClient.m */; };
		95AEBE2618FA800300C7E8E4 /* XLCRestConstants.m in Sources */ = {isa = PBXBuildFile; fileRef = 95AEBE2518FA800300C7E8E4 /* XLCRestConstants.m */; };
		95AEBE2D18FA916600C7E8E4 /* XLCPostSummaryViewCell.m in Sources */ = {isa = PBXBuildFile; fileRef = 95AEBE2C18FA916600C7E8E4 /* XLCPostSummaryViewCell.m */; };
		95B45FD619161859004CF5AC /* XLCCustomLinkView.m in Sources */ = {isa = PBXBuildFile; fileRef = 95B45FD519161859004CF5AC /* XLCCustomLinkView.m */; };
		95B59A81191682A3000B069C /* CoreText.framework in Frameworks */ = {isa = PBXBuildFile; fileRef = 95B59A80191682A3000B069C /* CoreText.framework */; };
		95B605B418FD6FC3009F9A39 /* XLCFlatSettings.m in Sources */ = {isa = PBXBuildFile; fileRef = 95B605B318FD6FC3009F9A39 /* XLCFlatSettings.m */; };
		95B6E9FE1900246200824D6F /* XLCTopPostsViewController.m in Sources */ = {isa = PBXBuildFile; fileRef = 95B6E9FD1900246200824D6F /* XLCTopPostsViewController.m */; };
		95B71A96191767CA0002B251 /* XLCPostDetailViewCell.xib in Resources */ = {isa = PBXBuildFile; fileRef = 95B71A95191767CA0002B251 /* XLCPostDetailViewCell.xib */; };
		95B7C35C190941CC005C1A4D /* XLCPostDetailViewController.m in Sources */ = {isa = PBXBuildFile; fileRef = 95B7C35B190941CC005C1A4D /* XLCPostDetailViewController.m */; };
		95C1D0631923C32A00E38625 /* XLCContent.m in Sources */ = {isa = PBXBuildFile; fileRef = 95C1D0621923C32A00E38625 /* XLCContent.m */; };
		95C1D0661923C36400E38625 /* XLCImage.m in Sources */ = {isa = PBXBuildFile; fileRef = 95C1D0651923C36400E38625 /* XLCImage.m */; };
		95C25644191CBD5E00893317 /* ZGNavigationBarTitleViewController.m in Sources */ = {isa = PBXBuildFile; fileRef = 95C25643191CBD5E00893317 /* ZGNavigationBarTitleViewController.m */; };
		95C25647191CBD6B00893317 /* ZGNavigationTitleView.m in Sources */ = {isa = PBXBuildFile; fileRef = 95C25646191CBD6B00893317 /* ZGNavigationTitleView.m */; };
		95CCB611191B555700B261D6 /* NIAttributedLabel.m in Sources */ = {isa = PBXBuildFile; fileRef = 95CCB60E191B555700B261D6 /* NIAttributedLabel.m */; };
		95CCB612191B555700B261D6 /* NSMutableAttributedString+NimbusAttributedLabel.m in Sources */ = {isa = PBXBuildFile; fileRef = 95CCB610191B555700B261D6 /* NSMutableAttributedString+NimbusAttributedLabel.m */; };
		95CCB645191B561600B261D6 /* NIActions.m in Sources */ = {isa = PBXBuildFile; fileRef = 95CCB616191B561600B261D6 /* NIActions.m */; };
		95CCB646191B561600B261D6 /* NIButtonUtilities.m in Sources */ = {isa = PBXBuildFile; fileRef = 95CCB618191B561600B261D6 /* NIButtonUtilities.m */; };
		95CCB647191B561600B261D6 /* NICommonMetrics.m in Sources */ = {isa = PBXBuildFile; fileRef = 95CCB61A191B561600B261D6 /* NICommonMetrics.m */; };
		95CCB648191B561600B261D6 /* NIDataStructures.m in Sources */ = {isa = PBXBuildFile; fileRef = 95CCB61C191B561600B261D6 /* NIDataStructures.m */; };
		95CCB649191B561600B261D6 /* NIDebuggingTools.m in Sources */ = {isa = PBXBuildFile; fileRef = 95CCB61E191B561600B261D6 /* NIDebuggingTools.m */; };
		95CCB64A191B561600B261D6 /* NIDeviceOrientation.m in Sources */ = {isa = PBXBuildFile; fileRef = 95CCB620191B561600B261D6 /* NIDeviceOrientation.m */; };
		95CCB64B191B561600B261D6 /* NIError.m in Sources */ = {isa = PBXBuildFile; fileRef = 95CCB622191B561600B261D6 /* NIError.m */; };
		95CCB64C191B561600B261D6 /* NIFoundationMethods.m in Sources */ = {isa = PBXBuildFile; fileRef = 95CCB624191B561600B261D6 /* NIFoundationMethods.m */; };
		95CCB64D191B561600B261D6 /* NIImageUtilities.m in Sources */ = {isa = PBXBuildFile; fileRef = 95CCB626191B561600B261D6 /* NIImageUtilities.m */; };
		95CCB64E191B561600B261D6 /* NIInMemoryCache.m in Sources */ = {isa = PBXBuildFile; fileRef = 95CCB628191B561600B261D6 /* NIInMemoryCache.m */; };
		95CCB64F191B561600B261D6 /* NINavigationAppearance.m in Sources */ = {isa = PBXBuildFile; fileRef = 95CCB62C191B561600B261D6 /* NINavigationAppearance.m */; };
		95CCB650191B561600B261D6 /* NINetworkActivity.m in Sources */ = {isa = PBXBuildFile; fileRef = 95CCB62E191B561600B261D6 /* NINetworkActivity.m */; };
		95CCB651191B561600B261D6 /* NINonEmptyCollectionTesting.m in Sources */ = {isa = PBXBuildFile; fileRef = 95CCB630191B561600B261D6 /* NINonEmptyCollectionTesting.m */; };
		95CCB652191B561600B261D6 /* NINonRetainingCollections.m in Sources */ = {isa = PBXBuildFile; fileRef = 95CCB632191B561600B261D6 /* NINonRetainingCollections.m */; };
		95CCB653191B561600B261D6 /* NIOperations.m in Sources */ = {isa = PBXBuildFile; fileRef = 95CCB635191B561600B261D6 /* NIOperations.m */; };
		95CCB654191B561600B261D6 /* NIPaths.m in Sources */ = {isa = PBXBuildFile; fileRef = 95CCB637191B561600B261D6 /* NIPaths.m */; };
		95CCB655191B561600B261D6 /* NIRuntimeClassModifications.m in Sources */ = {isa = PBXBuildFile; fileRef = 95CCB63A191B561600B261D6 /* NIRuntimeClassModifications.m */; };
		95CCB656191B561600B261D6 /* NISDKAvailability.m in Sources */ = {isa = PBXBuildFile; fileRef = 95CCB63C191B561600B261D6 /* NISDKAvailability.m */; };
		95CCB657191B561600B261D6 /* NISnapshotRotation.m in Sources */ = {isa = PBXBuildFile; fileRef = 95CCB63E191B561600B261D6 /* NISnapshotRotation.m */; };
		95CCB658191B561600B261D6 /* NIState.m in Sources */ = {isa = PBXBuildFile; fileRef = 95CCB640191B561600B261D6 /* NIState.m */; };
		95CCB659191B561600B261D6 /* NIViewRecycler.m in Sources */ = {isa = PBXBuildFile; fileRef = 95CCB642191B561600B261D6 /* NIViewRecycler.m */; };
		95CCB65A191B561600B261D6 /* UIResponder+NimbusCore.m in Sources */ = {isa = PBXBuildFile; fileRef = 95CCB644191B561600B261D6 /* UIResponder+NimbusCore.m */; };
		95CD130A190635A000CC1F61 /* XLCPostDetail.m in Sources */ = {isa = PBXBuildFile; fileRef = 95CD1309190635A000CC1F61 /* XLCPostDetail.m */; };
		95D78452190BF4F7009779EA /* XLCPostDetailViewCell.m in Sources */ = {isa = PBXBuildFile; fileRef = 95D78451190BF4F7009779EA /* XLCPostDetailViewCell.m */; };
		9634192B981A47F3B48B8A6C /* libPods-test.a in Frameworks */ = {isa = PBXBuildFile; fileRef = 6DB5298A63CE46F0BBEFAB1E /* libPods-test.a */; };
		B7CB102EE63E4C35A85AB53A /* libPods.a in Frameworks */ = {isa = PBXBuildFile; fileRef = C115E71F3CCC422DB3343D8E /* libPods.a */; };
/* End PBXBuildFile section */

/* Begin PBXContainerItemProxy section */
		95AEBDED18F98AAF00C7E8E4 /* PBXContainerItemProxy */ = {
			isa = PBXContainerItemProxy;
			containerPortal = 95AEBDBC18F98AAF00C7E8E4 /* Project object */;
			proxyType = 1;
			remoteGlobalIDString = 95AEBDC318F98AAF00C7E8E4;
			remoteInfo = fdubbsClientIphone;
		};
/* End PBXContainerItemProxy section */

/* Begin PBXFileReference section */
		6DB5298A63CE46F0BBEFAB1E /* libPods-test.a */ = {isa = PBXFileReference; explicitFileType = archive.ar; includeInIndex = 0; path = "libPods-test.a"; sourceTree = BUILT_PRODUCTS_DIR; };
		71D23146EEBF44C4BA649739 /* Pods.xcconfig */ = {isa = PBXFileReference; includeInIndex = 1; lastKnownFileType = text.xcconfig; name = Pods.xcconfig; path = Pods/Pods.xcconfig; sourceTree = "<group>"; };
		7C84AD7A515B4332B1E544A5 /* Pods-test.xcconfig */ = {isa = PBXFileReference; includeInIndex = 1; lastKnownFileType = text.xcconfig; name = "Pods-test.xcconfig"; path = "Pods/Pods-test.xcconfig"; sourceTree = "<group>"; };
		95234C651913AB1000C80BEB /* FRDLivelyButton.h */ = {isa = PBXFileReference; fileEncoding = 4; lastKnownFileType = sourcecode.c.h; path = FRDLivelyButton.h; sourceTree = "<group>"; };
		95234C661913AB1000C80BEB /* FRDLivelyButton.m */ = {isa = PBXFileReference; fileEncoding = 4; lastKnownFileType = sourcecode.c.objc; path = FRDLivelyButton.m; sourceTree = "<group>"; };
		95951BB2190296C50051B628 /* list_divider_line.png */ = {isa = PBXFileReference; lastKnownFileType = image.png; path = list_divider_line.png; sourceTree = "<group>"; };
		95A2086618FE73BC009CDEA3 /* blackArrow.png */ = {isa = PBXFileReference; lastKnownFileType = image.png; path = blackArrow.png; sourceTree = "<group>"; };
		95A2086718FE73BC009CDEA3 /* blackArrow@2x.png */ = {isa = PBXFileReference; lastKnownFileType = image.png; path = "blackArrow@2x.png"; sourceTree = "<group>"; };
		95A2086818FE73BC009CDEA3 /* blueArrow.png */ = {isa = PBXFileReference; lastKnownFileType = image.png; path = blueArrow.png; sourceTree = "<group>"; };
		95A2086918FE73BC009CDEA3 /* blueArrow@2x.png */ = {isa = PBXFileReference; lastKnownFileType = image.png; path = "blueArrow@2x.png"; sourceTree = "<group>"; };
		95A2086A18FE73BC009CDEA3 /* grayArrow.png */ = {isa = PBXFileReference; lastKnownFileType = image.png; path = grayArrow.png; sourceTree = "<group>"; };
		95A2086B18FE73BC009CDEA3 /* grayArrow@2x.png */ = {isa = PBXFileReference; lastKnownFileType = image.png; path = "grayArrow@2x.png"; sourceTree = "<group>"; };
		95A2086C18FE73BC009CDEA3 /* whiteArrow.png */ = {isa = PBXFileReference; lastKnownFileType = image.png; path = whiteArrow.png; sourceTree = "<group>"; };
		95A2086D18FE73BC009CDEA3 /* whiteArrow@2x.png */ = {isa = PBXFileReference; lastKnownFileType = image.png; path = "whiteArrow@2x.png"; sourceTree = "<group>"; };
		95A2086F18FE73BC009CDEA3 /* EGORefreshTableHeaderView.h */ = {isa = PBXFileReference; fileEncoding = 4; lastKnownFileType = sourcecode.c.h; path = EGORefreshTableHeaderView.h; sourceTree = "<group>"; };
		95A2087018FE73BC009CDEA3 /* EGORefreshTableHeaderView.m */ = {isa = PBXFileReference; fileEncoding = 4; lastKnownFileType = sourcecode.c.objc; path = EGORefreshTableHeaderView.m; sourceTree = "<group>"; };
		95A2087C18FE87F3009CDEA3 /* zh-Hans */ = {isa = PBXFileReference; lastKnownFileType = text.plist.strings; name = "zh-Hans"; path = "zh-Hans.lproj/Main.strings"; sourceTree = "<group>"; };
		95A2087D18FE87F3009CDEA3 /* zh-Hans */ = {isa = PBXFileReference; lastKnownFileType = text.plist.strings; name = "zh-Hans"; path = "zh-Hans.lproj/InfoPlist.strings"; sourceTree = "<group>"; };
		95A2087E18FE87F3009CDEA3 /* zh-Hans */ = {isa = PBXFileReference; lastKnownFileType = text.plist.strings; name = "zh-Hans"; path = "zh-Hans.lproj/InfoPlist.strings"; sourceTree = "<group>"; };
		95A2088218FE887D009CDEA3 /* zh-Hans */ = {isa = PBXFileReference; lastKnownFileType = text.plist.strings; name = "zh-Hans"; path = "zh-Hans.lproj/Localizable.strings"; sourceTree = "<group>"; };
		95A2088418FE88B7009CDEA3 /* en */ = {isa = PBXFileReference; lastKnownFileType = text.plist.strings; name = en; path = en.lproj/Localizable.strings; sourceTree = "<group>"; };
		95A2088518FE88BA009CDEA3 /* Base */ = {isa = PBXFileReference; lastKnownFileType = text.plist.strings; name = Base; path = Base.lproj/Localizable.strings; sourceTree = "<group>"; };
		95AEBDC418F98AAF00C7E8E4 /* 日月光华bbs.app */ = {isa = PBXFileReference; explicitFileType = wrapper.application; includeInIndex = 0; path = "日月光华bbs.app"; sourceTree = BUILT_PRODUCTS_DIR; };
		95AEBDC718F98AAF00C7E8E4 /* Foundation.framework */ = {isa = PBXFileReference; lastKnownFileType = wrapper.framework; name = Foundation.framework; path = System/Library/Frameworks/Foundation.framework; sourceTree = SDKROOT; };
		95AEBDC918F98AAF00C7E8E4 /* CoreGraphics.framework */ = {isa = PBXFileReference; lastKnownFileType = wrapper.framework; name = CoreGraphics.framework; path = System/Library/Frameworks/CoreGraphics.framework; sourceTree = SDKROOT; };
		95AEBDCB18F98AAF00C7E8E4 /* UIKit.framework */ = {isa = PBXFileReference; lastKnownFileType = wrapper.framework; name = UIKit.framework; path = System/Library/Frameworks/UIKit.framework; sourceTree = SDKROOT; };
		95AEBDCF18F98AAF00C7E8E4 /* fdubbsClientIphone-Info.plist */ = {isa = PBXFileReference; lastKnownFileType = text.plist.xml; path = "fdubbsClientIphone-Info.plist"; sourceTree = "<group>"; };
		95AEBDD118F98AAF00C7E8E4 /* en */ = {isa = PBXFileReference; lastKnownFileType = text.plist.strings; name = en; path = en.lproj/InfoPlist.strings; sourceTree = "<group>"; };
		95AEBDD318F98AAF00C7E8E4 /* main.m */ = {isa = PBXFileReference; lastKnownFileType = sourcecode.c.objc; path = main.m; sourceTree = "<group>"; };
		95AEBDD518F98AAF00C7E8E4 /* fdubbsClientIphone-Prefix.pch */ = {isa = PBXFileReference; lastKnownFileType = sourcecode.c.h; path = "fdubbsClientIphone-Prefix.pch"; sourceTree = "<group>"; };
		95AEBDD618F98AAF00C7E8E4 /* XLCAppDelegate.h */ = {isa = PBXFileReference; lastKnownFileType = sourcecode.c.h; path = XLCAppDelegate.h; sourceTree = "<group>"; };
		95AEBDD718F98AAF00C7E8E4 /* XLCAppDelegate.m */ = {isa = PBXFileReference; lastKnownFileType = sourcecode.c.objc; path = XLCAppDelegate.m; sourceTree = "<group>"; };
		95AEBDDA18F98AAF00C7E8E4 /* Base */ = {isa = PBXFileReference; lastKnownFileType = file.storyboard; name = Base; path = Base.lproj/Main.storyboard; sourceTree = "<group>"; };
		95AEBDE218F98AAF00C7E8E4 /* Images.xcassets */ = {isa = PBXFileReference; lastKnownFileType = folder.assetcatalog; path = Images.xcassets; sourceTree = "<group>"; };
		95AEBDE818F98AAF00C7E8E4 /* fdubbsClientIphoneTests.xctest */ = {isa = PBXFileReference; explicitFileType = wrapper.cfbundle; includeInIndex = 0; path = fdubbsClientIphoneTests.xctest; sourceTree = BUILT_PRODUCTS_DIR; };
		95AEBDE918F98AAF00C7E8E4 /* XCTest.framework */ = {isa = PBXFileReference; lastKnownFileType = wrapper.framework; name = XCTest.framework; path = Library/Frameworks/XCTest.framework; sourceTree = DEVELOPER_DIR; };
		95AEBDF118F98AAF00C7E8E4 /* fdubbsClientIphoneTests-Info.plist */ = {isa = PBXFileReference; lastKnownFileType = text.plist.xml; path = "fdubbsClientIphoneTests-Info.plist"; sourceTree = "<group>"; };
		95AEBDF318F98AAF00C7E8E4 /* en */ = {isa = PBXFileReference; lastKnownFileType = text.plist.strings; name = en; path = en.lproj/InfoPlist.strings; sourceTree = "<group>"; };
		95AEBDF518F98AAF00C7E8E4 /* fdubbsClientIphoneTests.m */ = {isa = PBXFileReference; lastKnownFileType = sourcecode.c.objc; path = fdubbsClientIphoneTests.m; sourceTree = "<group>"; };
		95AEBE0318FA5C6400C7E8E4 /* XLCPostDetailPassValueDelegate.h */ = {isa = PBXFileReference; fileEncoding = 4; lastKnownFileType = sourcecode.c.h; name = XLCPostDetailPassValueDelegate.h; path = controllers/XLCPostDetailPassValueDelegate.h; sourceTree = "<group>"; };
		95AEBE0A18FA61E600C7E8E4 /* XLCUtil.h */ = {isa = PBXFileReference; fileEncoding = 4; lastKnownFileType = sourcecode.c.h; name = XLCUtil.h; path = utils/XLCUtil.h; sourceTree = "<group>"; };
		95AEBE0B18FA61E600C7E8E4 /* XLCUtil.m */ = {isa = PBXFileReference; fileEncoding = 4; lastKnownFileType = sourcecode.c.objc; name = XLCUtil.m; path = utils/XLCUtil.m; sourceTree = "<group>"; };
		95AEBE1418FA678D00C7E8E4 /* XLCPostMetaData.h */ = {isa = PBXFileReference; fileEncoding = 4; lastKnownFileType = sourcecode.c.h; name = XLCPostMetaData.h; path = model/pojo/XLCPostMetaData.h; sourceTree = "<group>"; };
		95AEBE1518FA678D00C7E8E4 /* XLCPostMetaData.m */ = {isa = PBXFileReference; fileEncoding = 4; lastKnownFileType = sourcecode.c.objc; name = XLCPostMetaData.m; path = model/pojo/XLCPostMetaData.m; sourceTree = "<group>"; };
		95AEBE1818FA67A600C7E8E4 /* XLCGCDSingleton.h */ = {isa = PBXFileReference; fileEncoding = 4; lastKnownFileType = sourcecode.c.h; name = XLCGCDSingleton.h; path = model/manager/XLCGCDSingleton.h; sourceTree = "<group>"; };
		95AEBE1918FA67A600C7E8E4 /* XLCPostManager.h */ = {isa = PBXFileReference; fileEncoding = 4; lastKnownFileType = sourcecode.c.h; name = XLCPostManager.h; path = model/manager/XLCPostManager.h; sourceTree = "<group>"; };
		95AEBE1A18FA67A600C7E8E4 /* XLCPostManager.m */ = {isa = PBXFileReference; fileEncoding = 4; lastKnownFileType = sourcecode.c.objc; name = XLCPostManager.m; path = model/manager/XLCPostManager.m; sourceTree = "<group>"; };
		95AEBE1C18FA67BD00C7E8E4 /* XLCPostSummary.h */ = {isa = PBXFileReference; fileEncoding = 4; lastKnownFileType = sourcecode.c.h; name = XLCPostSummary.h; path = model/pojo/XLCPostSummary.h; sourceTree = "<group>"; };
		95AEBE1D18FA67BD00C7E8E4 /* XLCPostSummary.m */ = {isa = PBXFileReference; fileEncoding = 4; lastKnownFileType = sourcecode.c.objc; name = XLCPostSummary.m; path = model/pojo/XLCPostSummary.m; sourceTree = "<group>"; };
		95AEBE2118FA7FAD00C7E8E4 /* XLCRESTfulClient.h */ = {isa = PBXFileReference; fileEncoding = 4; lastKnownFileType = sourcecode.c.h; name = XLCRESTfulClient.h; path = rest/XLCRESTfulClient.h; sourceTree = "<group>"; };
		95AEBE2218FA7FAD00C7E8E4 /* XLCRESTfulClient.m */ = {isa = PBXFileReference; fileEncoding = 4; lastKnownFileType = sourcecode.c.objc; name = XLCRESTfulClient.m; path = rest/XLCRESTfulClient.m; sourceTree = "<group>"; };
		95AEBE2418FA800300C7E8E4 /* XLCRestConstants.h */ = {isa = PBXFileReference; fileEncoding = 4; lastKnownFileType = sourcecode.c.h; name = XLCRestConstants.h; path = rest/XLCRestConstants.h; sourceTree = "<group>"; };
		95AEBE2518FA800300C7E8E4 /* XLCRestConstants.m */ = {isa = PBXFileReference; fileEncoding = 4; lastKnownFileType = sourcecode.c.objc; name = XLCRestConstants.m; path = rest/XLCRestConstants.m; sourceTree = "<group>"; };
		95AEBE2B18FA916600C7E8E4 /* XLCPostSummaryViewCell.h */ = {isa = PBXFileReference; fileEncoding = 4; lastKnownFileType = sourcecode.c.h; name = XLCPostSummaryViewCell.h; path = views/XLCPostSummaryViewCell.h; sourceTree = "<group>"; };
		95AEBE2C18FA916600C7E8E4 /* XLCPostSummaryViewCell.m */ = {isa = PBXFileReference; fileEncoding = 4; lastKnownFileType = sourcecode.c.objc; name = XLCPostSummaryViewCell.m; path = views/XLCPostSummaryViewCell.m; sourceTree = "<group>"; };
		95B45FD419161859004CF5AC /* XLCCustomLinkView.h */ = {isa = PBXFileReference; fileEncoding = 4; lastKnownFileType = sourcecode.c.h; name = XLCCustomLinkView.h; path = views/XLCCustomLinkView.h; sourceTree = "<group>"; };
		95B45FD519161859004CF5AC /* XLCCustomLinkView.m */ = {isa = PBXFileReference; fileEncoding = 4; lastKnownFileType = sourcecode.c.objc; name = XLCCustomLinkView.m; path = views/XLCCustomLinkView.m; sourceTree = "<group>"; };
		95B59A80191682A3000B069C /* CoreText.framework */ = {isa = PBXFileReference; lastKnownFileType = wrapper.framework; name = CoreText.framework; path = System/Library/Frameworks/CoreText.framework; sourceTree = SDKROOT; };
		95B605B218FD6FC3009F9A39 /* XLCFlatSettings.h */ = {isa = PBXFileReference; fileEncoding = 4; lastKnownFileType = sourcecode.c.h; name = XLCFlatSettings.h; path = views/XLCFlatSettings.h; sourceTree = "<group>"; };
		95B605B318FD6FC3009F9A39 /* XLCFlatSettings.m */ = {isa = PBXFileReference; fileEncoding = 4; lastKnownFileType = sourcecode.c.objc; name = XLCFlatSettings.m; path = views/XLCFlatSettings.m; sourceTree = "<group>"; };
		95B6E9FC1900246200824D6F /* XLCTopPostsViewController.h */ = {isa = PBXFileReference; fileEncoding = 4; lastKnownFileType = sourcecode.c.h; name = XLCTopPostsViewController.h; path = controllers/XLCTopPostsViewController.h; sourceTree = "<group>"; };
		95B6E9FD1900246200824D6F /* XLCTopPostsViewController.m */ = {isa = PBXFileReference; fileEncoding = 4; lastKnownFileType = sourcecode.c.objc; name = XLCTopPostsViewController.m; path = controllers/XLCTopPostsViewController.m; sourceTree = "<group>"; };
		95B71A95191767CA0002B251 /* XLCPostDetailViewCell.xib */ = {isa = PBXFileReference; fileEncoding = 4; lastKnownFileType = file.xib; path = XLCPostDetailViewCell.xib; sourceTree = "<group>"; };
		95B7C35A190941CC005C1A4D /* XLCPostDetailViewController.h */ = {isa = PBXFileReference; fileEncoding = 4; lastKnownFileType = sourcecode.c.h; name = XLCPostDetailViewController.h; path = controllers/XLCPostDetailViewController.h; sourceTree = "<group>"; };
		95B7C35B190941CC005C1A4D /* XLCPostDetailViewController.m */ = {isa = PBXFileReference; fileEncoding = 4; lastKnownFileType = sourcecode.c.objc; name = XLCPostDetailViewController.m; path = controllers/XLCPostDetailViewController.m; sourceTree = "<group>"; };
		95C1D0611923C32A00E38625 /* XLCContent.h */ = {isa = PBXFileReference; fileEncoding = 4; lastKnownFileType = sourcecode.c.h; name = XLCContent.h; path = model/pojo/XLCContent.h; sourceTree = "<group>"; };
		95C1D0621923C32A00E38625 /* XLCContent.m */ = {isa = PBXFileReference; fileEncoding = 4; lastKnownFileType = sourcecode.c.objc; name = XLCContent.m; path = model/pojo/XLCContent.m; sourceTree = "<group>"; };
		95C1D0641923C36400E38625 /* XLCImage.h */ = {isa = PBXFileReference; fileEncoding = 4; lastKnownFileType = sourcecode.c.h; name = XLCImage.h; path = model/pojo/XLCImage.h; sourceTree = "<group>"; };
		95C1D0651923C36400E38625 /* XLCImage.m */ = {isa = PBXFileReference; fileEncoding = 4; lastKnownFileType = sourcecode.c.objc; name = XLCImage.m; path = model/pojo/XLCImage.m; sourceTree = "<group>"; };
		95C25642191CBD5E00893317 /* ZGNavigationBarTitleViewController.h */ = {isa = PBXFileReference; fileEncoding = 4; lastKnownFileType = sourcecode.c.h; name = ZGNavigationBarTitleViewController.h; path = controllers/ZGNavigationBarTitleViewController.h; sourceTree = "<group>"; };
		95C25643191CBD5E00893317 /* ZGNavigationBarTitleViewController.m */ = {isa = PBXFileReference; fileEncoding = 4; lastKnownFileType = sourcecode.c.objc; name = ZGNavigationBarTitleViewController.m; path = controllers/ZGNavigationBarTitleViewController.m; sourceTree = "<group>"; };
		95C25645191CBD6B00893317 /* ZGNavigationTitleView.h */ = {isa = PBXFileReference; fileEncoding = 4; lastKnownFileType = sourcecode.c.h; name = ZGNavigationTitleView.h; path = views/ZGNavigationTitleView.h; sourceTree = "<group>"; };
		95C25646191CBD6B00893317 /* ZGNavigationTitleView.m */ = {isa = PBXFileReference; fileEncoding = 4; lastKnownFileType = sourcecode.c.objc; name = ZGNavigationTitleView.m; path = views/ZGNavigationTitleView.m; sourceTree = "<group>"; };
		95CCB60D191B555700B261D6 /* NIAttributedLabel.h */ = {isa = PBXFileReference; fileEncoding = 4; lastKnownFileType = sourcecode.c.h; path = NIAttributedLabel.h; sourceTree = "<group>"; };
		95CCB60E191B555700B261D6 /* NIAttributedLabel.m */ = {isa = PBXFileReference; fileEncoding = 4; lastKnownFileType = sourcecode.c.objc; path = NIAttributedLabel.m; sourceTree = "<group>"; };
		95CCB60F191B555700B261D6 /* NSMutableAttributedString+NimbusAttributedLabel.h */ = {isa = PBXFileReference; fileEncoding = 4; lastKnownFileType = sourcecode.c.h; path = "NSMutableAttributedString+NimbusAttributedLabel.h"; sourceTree = "<group>"; };
		95CCB610191B555700B261D6 /* NSMutableAttributedString+NimbusAttributedLabel.m */ = {isa = PBXFileReference; fileEncoding = 4; lastKnownFileType = sourcecode.c.objc; path = "NSMutableAttributedString+NimbusAttributedLabel.m"; sourceTree = "<group>"; };
		95CCB614191B561600B261D6 /* NIActions+Subclassing.h */ = {isa = PBXFileReference; fileEncoding = 4; lastKnownFileType = sourcecode.c.h; path = "NIActions+Subclassing.h"; sourceTree = "<group>"; };
		95CCB615191B561600B261D6 /* NIActions.h */ = {isa = PBXFileReference; fileEncoding = 4; lastKnownFileType = sourcecode.c.h; path = NIActions.h; sourceTree = "<group>"; };
		95CCB616191B561600B261D6 /* NIActions.m */ = {isa = PBXFileReference; fileEncoding = 4; lastKnownFileType = sourcecode.c.objc; path = NIActions.m; sourceTree = "<group>"; };
		95CCB617191B561600B261D6 /* NIButtonUtilities.h */ = {isa = PBXFileReference; fileEncoding = 4; lastKnownFileType = sourcecode.c.h; path = NIButtonUtilities.h; sourceTree = "<group>"; };
		95CCB618191B561600B261D6 /* NIButtonUtilities.m */ = {isa = PBXFileReference; fileEncoding = 4; lastKnownFileType = sourcecode.c.objc; path = NIButtonUtilities.m; sourceTree = "<group>"; };
		95CCB619191B561600B261D6 /* NICommonMetrics.h */ = {isa = PBXFileReference; fileEncoding = 4; lastKnownFileType = sourcecode.c.h; path = NICommonMetrics.h; sourceTree = "<group>"; };
		95CCB61A191B561600B261D6 /* NICommonMetrics.m */ = {isa = PBXFileReference; fileEncoding = 4; lastKnownFileType = sourcecode.c.objc; path = NICommonMetrics.m; sourceTree = "<group>"; };
		95CCB61B191B561600B261D6 /* NIDataStructures.h */ = {isa = PBXFileReference; fileEncoding = 4; lastKnownFileType = sourcecode.c.h; path = NIDataStructures.h; sourceTree = "<group>"; };
		95CCB61C191B561600B261D6 /* NIDataStructures.m */ = {isa = PBXFileReference; fileEncoding = 4; lastKnownFileType = sourcecode.c.objc; path = NIDataStructures.m; sourceTree = "<group>"; };
		95CCB61D191B561600B261D6 /* NIDebuggingTools.h */ = {isa = PBXFileReference; fileEncoding = 4; lastKnownFileType = sourcecode.c.h; path = NIDebuggingTools.h; sourceTree = "<group>"; };
		95CCB61E191B561600B261D6 /* NIDebuggingTools.m */ = {isa = PBXFileReference; fileEncoding = 4; lastKnownFileType = sourcecode.c.objc; path = NIDebuggingTools.m; sourceTree = "<group>"; };
		95CCB61F191B561600B261D6 /* NIDeviceOrientation.h */ = {isa = PBXFileReference; fileEncoding = 4; lastKnownFileType = sourcecode.c.h; path = NIDeviceOrientation.h; sourceTree = "<group>"; };
		95CCB620191B561600B261D6 /* NIDeviceOrientation.m */ = {isa = PBXFileReference; fileEncoding = 4; lastKnownFileType = sourcecode.c.objc; path = NIDeviceOrientation.m; sourceTree = "<group>"; };
		95CCB621191B561600B261D6 /* NIError.h */ = {isa = PBXFileReference; fileEncoding = 4; lastKnownFileType = sourcecode.c.h; path = NIError.h; sourceTree = "<group>"; };
		95CCB622191B561600B261D6 /* NIError.m */ = {isa = PBXFileReference; fileEncoding = 4; lastKnownFileType = sourcecode.c.objc; path = NIError.m; sourceTree = "<group>"; };
		95CCB623191B561600B261D6 /* NIFoundationMethods.h */ = {isa = PBXFileReference; fileEncoding = 4; lastKnownFileType = sourcecode.c.h; path = NIFoundationMethods.h; sourceTree = "<group>"; };
		95CCB624191B561600B261D6 /* NIFoundationMethods.m */ = {isa = PBXFileReference; fileEncoding = 4; lastKnownFileType = sourcecode.c.objc; path = NIFoundationMethods.m; sourceTree = "<group>"; };
		95CCB625191B561600B261D6 /* NIImageUtilities.h */ = {isa = PBXFileReference; fileEncoding = 4; lastKnownFileType = sourcecode.c.h; path = NIImageUtilities.h; sourceTree = "<group>"; };
		95CCB626191B561600B261D6 /* NIImageUtilities.m */ = {isa = PBXFileReference; fileEncoding = 4; lastKnownFileType = sourcecode.c.objc; path = NIImageUtilities.m; sourceTree = "<group>"; };
		95CCB627191B561600B261D6 /* NIInMemoryCache.h */ = {isa = PBXFileReference; fileEncoding = 4; lastKnownFileType = sourcecode.c.h; path = NIInMemoryCache.h; sourceTree = "<group>"; };
		95CCB628191B561600B261D6 /* NIInMemoryCache.m */ = {isa = PBXFileReference; fileEncoding = 4; lastKnownFileType = sourcecode.c.objc; path = NIInMemoryCache.m; sourceTree = "<group>"; };
		95CCB629191B561600B261D6 /* NimbusCore+Additions.h */ = {isa = PBXFileReference; fileEncoding = 4; lastKnownFileType = sourcecode.c.h; path = "NimbusCore+Additions.h"; sourceTree = "<group>"; };
		95CCB62A191B561600B261D6 /* NimbusCore.h */ = {isa = PBXFileReference; fileEncoding = 4; lastKnownFileType = sourcecode.c.h; path = NimbusCore.h; sourceTree = "<group>"; };
		95CCB62B191B561600B261D6 /* NINavigationAppearance.h */ = {isa = PBXFileReference; fileEncoding = 4; lastKnownFileType = sourcecode.c.h; path = NINavigationAppearance.h; sourceTree = "<group>"; };
		95CCB62C191B561600B261D6 /* NINavigationAppearance.m */ = {isa = PBXFileReference; fileEncoding = 4; lastKnownFileType = sourcecode.c.objc; path = NINavigationAppearance.m; sourceTree = "<group>"; };
		95CCB62D191B561600B261D6 /* NINetworkActivity.h */ = {isa = PBXFileReference; fileEncoding = 4; lastKnownFileType = sourcecode.c.h; path = NINetworkActivity.h; sourceTree = "<group>"; };
		95CCB62E191B561600B261D6 /* NINetworkActivity.m */ = {isa = PBXFileReference; fileEncoding = 4; lastKnownFileType = sourcecode.c.objc; path = NINetworkActivity.m; sourceTree = "<group>"; };
		95CCB62F191B561600B261D6 /* NINonEmptyCollectionTesting.h */ = {isa = PBXFileReference; fileEncoding = 4; lastKnownFileType = sourcecode.c.h; path = NINonEmptyCollectionTesting.h; sourceTree = "<group>"; };
		95CCB630191B561600B261D6 /* NINonEmptyCollectionTesting.m */ = {isa = PBXFileReference; fileEncoding = 4; lastKnownFileType = sourcecode.c.objc; path = NINonEmptyCollectionTesting.m; sourceTree = "<group>"; };
		95CCB631191B561600B261D6 /* NINonRetainingCollections.h */ = {isa = PBXFileReference; fileEncoding = 4; lastKnownFileType = sourcecode.c.h; path = NINonRetainingCollections.h; sourceTree = "<group>"; };
		95CCB632191B561600B261D6 /* NINonRetainingCollections.m */ = {isa = PBXFileReference; fileEncoding = 4; lastKnownFileType = sourcecode.c.objc; path = NINonRetainingCollections.m; sourceTree = "<group>"; };
		95CCB633191B561600B261D6 /* NIOperations+Subclassing.h */ = {isa = PBXFileReference; fileEncoding = 4; lastKnownFileType = sourcecode.c.h; path = "NIOperations+Subclassing.h"; sourceTree = "<group>"; };
		95CCB634191B561600B261D6 /* NIOperations.h */ = {isa = PBXFileReference; fileEncoding = 4; lastKnownFileType = sourcecode.c.h; path = NIOperations.h; sourceTree = "<group>"; };
		95CCB635191B561600B261D6 /* NIOperations.m */ = {isa = PBXFileReference; fileEncoding = 4; lastKnownFileType = sourcecode.c.objc; path = NIOperations.m; sourceTree = "<group>"; };
		95CCB636191B561600B261D6 /* NIPaths.h */ = {isa = PBXFileReference; fileEncoding = 4; lastKnownFileType = sourcecode.c.h; path = NIPaths.h; sourceTree = "<group>"; };
		95CCB637191B561600B261D6 /* NIPaths.m */ = {isa = PBXFileReference; fileEncoding = 4; lastKnownFileType = sourcecode.c.objc; path = NIPaths.m; sourceTree = "<group>"; };
		95CCB638191B561600B261D6 /* NIPreprocessorMacros.h */ = {isa = PBXFileReference; fileEncoding = 4; lastKnownFileType = sourcecode.c.h; path = NIPreprocessorMacros.h; sourceTree = "<group>"; };
		95CCB639191B561600B261D6 /* NIRuntimeClassModifications.h */ = {isa = PBXFileReference; fileEncoding = 4; lastKnownFileType = sourcecode.c.h; path = NIRuntimeClassModifications.h; sourceTree = "<group>"; };
		95CCB63A191B561600B261D6 /* NIRuntimeClassModifications.m */ = {isa = PBXFileReference; fileEncoding = 4; lastKnownFileType = sourcecode.c.objc; path = NIRuntimeClassModifications.m; sourceTree = "<group>"; };
		95CCB63B191B561600B261D6 /* NISDKAvailability.h */ = {isa = PBXFileReference; fileEncoding = 4; lastKnownFileType = sourcecode.c.h; path = NISDKAvailability.h; sourceTree = "<group>"; };
		95CCB63C191B561600B261D6 /* NISDKAvailability.m */ = {isa = PBXFileReference; fileEncoding = 4; lastKnownFileType = sourcecode.c.objc; path = NISDKAvailability.m; sourceTree = "<group>"; };
		95CCB63D191B561600B261D6 /* NISnapshotRotation.h */ = {isa = PBXFileReference; fileEncoding = 4; lastKnownFileType = sourcecode.c.h; path = NISnapshotRotation.h; sourceTree = "<group>"; };
		95CCB63E191B561600B261D6 /* NISnapshotRotation.m */ = {isa = PBXFileReference; fileEncoding = 4; lastKnownFileType = sourcecode.c.objc; path = NISnapshotRotation.m; sourceTree = "<group>"; };
		95CCB63F191B561600B261D6 /* NIState.h */ = {isa = PBXFileReference; fileEncoding = 4; lastKnownFileType = sourcecode.c.h; path = NIState.h; sourceTree = "<group>"; };
		95CCB640191B561600B261D6 /* NIState.m */ = {isa = PBXFileReference; fileEncoding = 4; lastKnownFileType = sourcecode.c.objc; path = NIState.m; sourceTree = "<group>"; };
		95CCB641191B561600B261D6 /* NIViewRecycler.h */ = {isa = PBXFileReference; fileEncoding = 4; lastKnownFileType = sourcecode.c.h; path = NIViewRecycler.h; sourceTree = "<group>"; };
		95CCB642191B561600B261D6 /* NIViewRecycler.m */ = {isa = PBXFileReference; fileEncoding = 4; lastKnownFileType = sourcecode.c.objc; path = NIViewRecycler.m; sourceTree = "<group>"; };
		95CCB643191B561600B261D6 /* UIResponder+NimbusCore.h */ = {isa = PBXFileReference; fileEncoding = 4; lastKnownFileType = sourcecode.c.h; path = "UIResponder+NimbusCore.h"; sourceTree = "<group>"; };
		95CCB644191B561600B261D6 /* UIResponder+NimbusCore.m */ = {isa = PBXFileReference; fileEncoding = 4; lastKnownFileType = sourcecode.c.objc; path = "UIResponder+NimbusCore.m"; sourceTree = "<group>"; };
		95CD1308190635A000CC1F61 /* XLCPostDetail.h */ = {isa = PBXFileReference; fileEncoding = 4; lastKnownFileType = sourcecode.c.h; name = XLCPostDetail.h; path = model/pojo/XLCPostDetail.h; sourceTree = "<group>"; };
		95CD1309190635A000CC1F61 /* XLCPostDetail.m */ = {isa = PBXFileReference; fileEncoding = 4; lastKnownFileType = sourcecode.c.objc; name = XLCPostDetail.m; path = model/pojo/XLCPostDetail.m; sourceTree = "<group>"; };
		95D78450190BF4F7009779EA /* XLCPostDetailViewCell.h */ = {isa = PBXFileReference; fileEncoding = 4; lastKnownFileType = sourcecode.c.h; name = XLCPostDetailViewCell.h; path = views/XLCPostDetailViewCell.h; sourceTree = "<group>"; };
		95D78451190BF4F7009779EA /* XLCPostDetailViewCell.m */ = {isa = PBXFileReference; fileEncoding = 4; lastKnownFileType = sourcecode.c.objc; name = XLCPostDetailViewCell.m; path = views/XLCPostDetailViewCell.m; sourceTree = "<group>"; };
		C115E71F3CCC422DB3343D8E /* libPods.a */ = {isa = PBXFileReference; explicitFileType = archive.ar; includeInIndex = 0; path = libPods.a; sourceTree = BUILT_PRODUCTS_DIR; };
/* End PBXFileReference section */

/* Begin PBXFrameworksBuildPhase section */
		95AEBDC118F98AAF00C7E8E4 /* Frameworks */ = {
			isa = PBXFrameworksBuildPhase;
			buildActionMask = 2147483647;
			files = (
				95B59A81191682A3000B069C /* CoreText.framework in Frameworks */,
				95AEBDCA18F98AAF00C7E8E4 /* CoreGraphics.framework in Frameworks */,
				95AEBDCC18F98AAF00C7E8E4 /* UIKit.framework in Frameworks */,
				95AEBDC818F98AAF00C7E8E4 /* Foundation.framework in Frameworks */,
				B7CB102EE63E4C35A85AB53A /* libPods.a in Frameworks */,
			);
			runOnlyForDeploymentPostprocessing = 0;
		};
		95AEBDE518F98AAF00C7E8E4 /* Frameworks */ = {
			isa = PBXFrameworksBuildPhase;
			buildActionMask = 2147483647;
			files = (
				95AEBDEA18F98AAF00C7E8E4 /* XCTest.framework in Frameworks */,
				95AEBDEC18F98AAF00C7E8E4 /* UIKit.framework in Frameworks */,
				95AEBDEB18F98AAF00C7E8E4 /* Foundation.framework in Frameworks */,
				9634192B981A47F3B48B8A6C /* libPods-test.a in Frameworks */,
			);
			runOnlyForDeploymentPostprocessing = 0;
		};
/* End PBXFrameworksBuildPhase section */

/* Begin PBXGroup section */
		95234C641913AB1000C80BEB /* FRDLivelyButton */ = {
			isa = PBXGroup;
			children = (
				95234C651913AB1000C80BEB /* FRDLivelyButton.h */,
				95234C661913AB1000C80BEB /* FRDLivelyButton.m */,
			);
			name = FRDLivelyButton;
			path = views/FRDLivelyButton;
			sourceTree = "<group>";
		};
		95951BB1190296C50051B628 /* image */ = {
			isa = PBXGroup;
			children = (
				95951BB2190296C50051B628 /* list_divider_line.png */,
			);
			name = image;
			path = fdubbsClientIphone/views/image;
			sourceTree = SOURCE_ROOT;
		};
		95A2086418FE73A4009CDEA3 /* TableViewRefresh */ = {
			isa = PBXGroup;
			children = (
				95A2086518FE73BC009CDEA3 /* Resources */,
				95A2086E18FE73BC009CDEA3 /* View */,
			);
			name = TableViewRefresh;
			sourceTree = "<group>";
		};
		95A2086518FE73BC009CDEA3 /* Resources */ = {
			isa = PBXGroup;
			children = (
				95A2086618FE73BC009CDEA3 /* blackArrow.png */,
				95A2086718FE73BC009CDEA3 /* blackArrow@2x.png */,
				95A2086818FE73BC009CDEA3 /* blueArrow.png */,
				95A2086918FE73BC009CDEA3 /* blueArrow@2x.png */,
				95A2086A18FE73BC009CDEA3 /* grayArrow.png */,
				95A2086B18FE73BC009CDEA3 /* grayArrow@2x.png */,
				95A2086C18FE73BC009CDEA3 /* whiteArrow.png */,
				95A2086D18FE73BC009CDEA3 /* whiteArrow@2x.png */,
			);
			name = Resources;
			path = views/TableViewRefresh/Resources;
			sourceTree = "<group>";
		};
		95A2086E18FE73BC009CDEA3 /* View */ = {
			isa = PBXGroup;
			children = (
				95951BB1190296C50051B628 /* image */,
				95A2086F18FE73BC009CDEA3 /* EGORefreshTableHeaderView.h */,
				95A2087018FE73BC009CDEA3 /* EGORefreshTableHeaderView.m */,
			);
			name = View;
			path = views/TableViewRefresh/View;
			sourceTree = "<group>";
		};
		95AEBDBB18F98AAF00C7E8E4 = {
			isa = PBXGroup;
			children = (
				95AEBDCD18F98AAF00C7E8E4 /* fdubbsClientIphone */,
				95AEBDEF18F98AAF00C7E8E4 /* fdubbsClientIphoneTests */,
				95AEBDC618F98AAF00C7E8E4 /* Frameworks */,
				95AEBDC518F98AAF00C7E8E4 /* Products */,
				71D23146EEBF44C4BA649739 /* Pods.xcconfig */,
				7C84AD7A515B4332B1E544A5 /* Pods-test.xcconfig */,
			);
			sourceTree = "<group>";
		};
		95AEBDC518F98AAF00C7E8E4 /* Products */ = {
			isa = PBXGroup;
			children = (
				95AEBDC418F98AAF00C7E8E4 /* 日月光华bbs.app */,
				95AEBDE818F98AAF00C7E8E4 /* fdubbsClientIphoneTests.xctest */,
			);
			name = Products;
			sourceTree = "<group>";
		};
		95AEBDC618F98AAF00C7E8E4 /* Frameworks */ = {
			isa = PBXGroup;
			children = (
				95B59A80191682A3000B069C /* CoreText.framework */,
				95AEBDC718F98AAF00C7E8E4 /* Foundation.framework */,
				95AEBDC918F98AAF00C7E8E4 /* CoreGraphics.framework */,
				95AEBDCB18F98AAF00C7E8E4 /* UIKit.framework */,
				95AEBDE918F98AAF00C7E8E4 /* XCTest.framework */,
				C115E71F3CCC422DB3343D8E /* libPods.a */,
				6DB5298A63CE46F0BBEFAB1E /* libPods-test.a */,
			);
			name = Frameworks;
			sourceTree = "<group>";
		};
		95AEBDCD18F98AAF00C7E8E4 /* fdubbsClientIphone */ = {
			isa = PBXGroup;
			children = (
				95B605B118FD6910009F9A39 /* application */,
				95B605B018FD68FA009F9A39 /* resources */,
				95B605AF18FD68C4009F9A39 /* ViewControllers */,
				95AEBE0918FA60C200C7E8E4 /* utils */,
				95AEBE2A18FA915900C7E8E4 /* views */,
				95AEBE2018FA7F5800C7E8E4 /* RESTfulClient */,
				95AEBE0418FA5CF500C7E8E4 /* model */,
				95AEBDCE18F98AAF00C7E8E4 /* Supporting Files */,
			);
			path = fdubbsClientIphone;
			sourceTree = "<group>";
		};
		95AEBDCE18F98AAF00C7E8E4 /* Supporting Files */ = {
			isa = PBXGroup;
			children = (
				95A2088318FE887D009CDEA3 /* Localizable.strings */,
				95AEBDCF18F98AAF00C7E8E4 /* fdubbsClientIphone-Info.plist */,
				95AEBDD018F98AAF00C7E8E4 /* InfoPlist.strings */,
				95AEBDD318F98AAF00C7E8E4 /* main.m */,
				95AEBDD518F98AAF00C7E8E4 /* fdubbsClientIphone-Prefix.pch */,
			);
			name = "Supporting Files";
			sourceTree = "<group>";
		};
		95AEBDEF18F98AAF00C7E8E4 /* fdubbsClientIphoneTests */ = {
			isa = PBXGroup;
			children = (
				95AEBDF518F98AAF00C7E8E4 /* fdubbsClientIphoneTests.m */,
				95AEBDF018F98AAF00C7E8E4 /* Supporting Files */,
			);
			path = fdubbsClientIphoneTests;
			sourceTree = "<group>";
		};
		95AEBDF018F98AAF00C7E8E4 /* Supporting Files */ = {
			isa = PBXGroup;
			children = (
				95AEBDF118F98AAF00C7E8E4 /* fdubbsClientIphoneTests-Info.plist */,
				95AEBDF218F98AAF00C7E8E4 /* InfoPlist.strings */,
			);
			name = "Supporting Files";
			sourceTree = "<group>";
		};
		95AEBE0418FA5CF500C7E8E4 /* model */ = {
			isa = PBXGroup;
			children = (
				95AEBE1718FA679300C7E8E4 /* manager */,
				95AEBE1318FA672300C7E8E4 /* POJO */,
			);
			name = model;
			sourceTree = "<group>";
		};
		95AEBE0918FA60C200C7E8E4 /* utils */ = {
			isa = PBXGroup;
			children = (
				95AEBE0A18FA61E600C7E8E4 /* XLCUtil.h */,
				95AEBE0B18FA61E600C7E8E4 /* XLCUtil.m */,
			);
			name = utils;
			sourceTree = "<group>";
		};
		95AEBE1318FA672300C7E8E4 /* POJO */ = {
			isa = PBXGroup;
			children = (
				95AEBE1418FA678D00C7E8E4 /* XLCPostMetaData.h */,
				95AEBE1518FA678D00C7E8E4 /* XLCPostMetaData.m */,
				95AEBE1C18FA67BD00C7E8E4 /* XLCPostSummary.h */,
				95AEBE1D18FA67BD00C7E8E4 /* XLCPostSummary.m */,
				95CD1308190635A000CC1F61 /* XLCPostDetail.h */,
				95CD1309190635A000CC1F61 /* XLCPostDetail.m */,
				95C1D0611923C32A00E38625 /* XLCContent.h */,
				95C1D0621923C32A00E38625 /* XLCContent.m */,
				95C1D0641923C36400E38625 /* XLCImage.h */,
				95C1D0651923C36400E38625 /* XLCImage.m */,
			);
			name = POJO;
			sourceTree = "<group>";
		};
		95AEBE1718FA679300C7E8E4 /* manager */ = {
			isa = PBXGroup;
			children = (
				95AEBE1818FA67A600C7E8E4 /* XLCGCDSingleton.h */,
				95AEBE1918FA67A600C7E8E4 /* XLCPostManager.h */,
				95AEBE1A18FA67A600C7E8E4 /* XLCPostManager.m */,
			);
			name = manager;
			sourceTree = "<group>";
		};
		95AEBE2018FA7F5800C7E8E4 /* RESTfulClient */ = {
			isa = PBXGroup;
			children = (
				95AEBE2118FA7FAD00C7E8E4 /* XLCRESTfulClient.h */,
				95AEBE2218FA7FAD00C7E8E4 /* XLCRESTfulClient.m */,
				95AEBE2418FA800300C7E8E4 /* XLCRestConstants.h */,
				95AEBE2518FA800300C7E8E4 /* XLCRestConstants.m */,
			);
			name = RESTfulClient;
			sourceTree = "<group>";
		};
		95AEBE2A18FA915900C7E8E4 /* views */ = {
			isa = PBXGroup;
			children = (
				95CCB60B191B555700B261D6 /* Nimbus */,
				95234C641913AB1000C80BEB /* FRDLivelyButton */,
				95A2086418FE73A4009CDEA3 /* TableViewRefresh */,
				95B605B218FD6FC3009F9A39 /* XLCFlatSettings.h */,
				95B605B318FD6FC3009F9A39 /* XLCFlatSettings.m */,
				95AEBE2B18FA916600C7E8E4 /* XLCPostSummaryViewCell.h */,
				95AEBE2C18FA916600C7E8E4 /* XLCPostSummaryViewCell.m */,
				95D78450190BF4F7009779EA /* XLCPostDetailViewCell.h */,
				95D78451190BF4F7009779EA /* XLCPostDetailViewCell.m */,
				95B71A95191767CA0002B251 /* XLCPostDetailViewCell.xib */,
				95B45FD419161859004CF5AC /* XLCCustomLinkView.h */,
				95B45FD519161859004CF5AC /* XLCCustomLinkView.m */,
				95C25646191CBD6B00893317 /* ZGNavigationTitleView.m */,
				95C25645191CBD6B00893317 /* ZGNavigationTitleView.h */,
			);
			name = views;
			sourceTree = "<group>";
		};
		95B605AF18FD68C4009F9A39 /* ViewControllers */ = {
			isa = PBXGroup;
			children = (
				95C25642191CBD5E00893317 /* ZGNavigationBarTitleViewController.h */,
				95C25643191CBD5E00893317 /* ZGNavigationBarTitleViewController.m */,
				95AEBE0318FA5C6400C7E8E4 /* XLCPostDetailPassValueDelegate.h */,
				95B6E9FC1900246200824D6F /* XLCTopPostsViewController.h */,
				95B6E9FD1900246200824D6F /* XLCTopPostsViewController.m */,
				95B7C35A190941CC005C1A4D /* XLCPostDetailViewController.h */,
				95B7C35B190941CC005C1A4D /* XLCPostDetailViewController.m */,
			);
			name = ViewControllers;
			sourceTree = "<group>";
		};
		95B605B018FD68FA009F9A39 /* resources */ = {
			isa = PBXGroup;
			children = (
				95AEBDE218F98AAF00C7E8E4 /* Images.xcassets */,
			);
			name = resources;
			sourceTree = "<group>";
		};
		95B605B118FD6910009F9A39 /* application */ = {
			isa = PBXGroup;
			children = (
				95AEBDD618F98AAF00C7E8E4 /* XLCAppDelegate.h */,
				95AEBDD718F98AAF00C7E8E4 /* XLCAppDelegate.m */,
				95AEBDD918F98AAF00C7E8E4 /* Main.storyboard */,
			);
			name = application;
			sourceTree = "<group>";
		};
		95CCB60B191B555700B261D6 /* Nimbus */ = {
			isa = PBXGroup;
			children = (
				95CCB613191B561600B261D6 /* core */,
				95CCB60C191B555700B261D6 /* attributedlabel */,
			);
			name = Nimbus;
			path = views/Nimbus;
			sourceTree = "<group>";
		};
		95CCB60C191B555700B261D6 /* attributedlabel */ = {
			isa = PBXGroup;
			children = (
				95CCB60D191B555700B261D6 /* NIAttributedLabel.h */,
				95CCB60E191B555700B261D6 /* NIAttributedLabel.m */,
				95CCB60F191B555700B261D6 /* NSMutableAttributedString+NimbusAttributedLabel.h */,
				95CCB610191B555700B261D6 /* NSMutableAttributedString+NimbusAttributedLabel.m */,
			);
			path = attributedlabel;
			sourceTree = "<group>";
		};
		95CCB613191B561600B261D6 /* core */ = {
			isa = PBXGroup;
			children = (
				95CCB614191B561600B261D6 /* NIActions+Subclassing.h */,
				95CCB615191B561600B261D6 /* NIActions.h */,
				95CCB616191B561600B261D6 /* NIActions.m */,
				95CCB617191B561600B261D6 /* NIButtonUtilities.h */,
				95CCB618191B561600B261D6 /* NIButtonUtilities.m */,
				95CCB619191B561600B261D6 /* NICommonMetrics.h */,
				95CCB61A191B561600B261D6 /* NICommonMetrics.m */,
				95CCB61B191B561600B261D6 /* NIDataStructures.h */,
				95CCB61C191B561600B261D6 /* NIDataStructures.m */,
				95CCB61D191B561600B261D6 /* NIDebuggingTools.h */,
				95CCB61E191B561600B261D6 /* NIDebuggingTools.m */,
				95CCB61F191B561600B261D6 /* NIDeviceOrientation.h */,
				95CCB620191B561600B261D6 /* NIDeviceOrientation.m */,
				95CCB621191B561600B261D6 /* NIError.h */,
				95CCB622191B561600B261D6 /* NIError.m */,
				95CCB623191B561600B261D6 /* NIFoundationMethods.h */,
				95CCB624191B561600B261D6 /* NIFoundationMethods.m */,
				95CCB625191B561600B261D6 /* NIImageUtilities.h */,
				95CCB626191B561600B261D6 /* NIImageUtilities.m */,
				95CCB627191B561600B261D6 /* NIInMemoryCache.h */,
				95CCB628191B561600B261D6 /* NIInMemoryCache.m */,
				95CCB629191B561600B261D6 /* NimbusCore+Additions.h */,
				95CCB62A191B561600B261D6 /* NimbusCore.h */,
				95CCB62B191B561600B261D6 /* NINavigationAppearance.h */,
				95CCB62C191B561600B261D6 /* NINavigationAppearance.m */,
				95CCB62D191B561600B261D6 /* NINetworkActivity.h */,
				95CCB62E191B561600B261D6 /* NINetworkActivity.m */,
				95CCB62F191B561600B261D6 /* NINonEmptyCollectionTesting.h */,
				95CCB630191B561600B261D6 /* NINonEmptyCollectionTesting.m */,
				95CCB631191B561600B261D6 /* NINonRetainingCollections.h */,
				95CCB632191B561600B261D6 /* NINonRetainingCollections.m */,
				95CCB633191B561600B261D6 /* NIOperations+Subclassing.h */,
				95CCB634191B561600B261D6 /* NIOperations.h */,
				95CCB635191B561600B261D6 /* NIOperations.m */,
				95CCB636191B561600B261D6 /* NIPaths.h */,
				95CCB637191B561600B261D6 /* NIPaths.m */,
				95CCB638191B561600B261D6 /* NIPreprocessorMacros.h */,
				95CCB639191B561600B261D6 /* NIRuntimeClassModifications.h */,
				95CCB63A191B561600B261D6 /* NIRuntimeClassModifications.m */,
				95CCB63B191B561600B261D6 /* NISDKAvailability.h */,
				95CCB63C191B561600B261D6 /* NISDKAvailability.m */,
				95CCB63D191B561600B261D6 /* NISnapshotRotation.h */,
				95CCB63E191B561600B261D6 /* NISnapshotRotation.m */,
				95CCB63F191B561600B261D6 /* NIState.h */,
				95CCB640191B561600B261D6 /* NIState.m */,
				95CCB641191B561600B261D6 /* NIViewRecycler.h */,
				95CCB642191B561600B261D6 /* NIViewRecycler.m */,
				95CCB643191B561600B261D6 /* UIResponder+NimbusCore.h */,
				95CCB644191B561600B261D6 /* UIResponder+NimbusCore.m */,
			);
			path = core;
			sourceTree = "<group>";
		};
/* End PBXGroup section */

/* Begin PBXNativeTarget section */
		95AEBDC318F98AAF00C7E8E4 /* 日月光华bbs */ = {
			isa = PBXNativeTarget;
			buildConfigurationList = 95AEBDF918F98AAF00C7E8E4 /* Build configuration list for PBXNativeTarget "日月光华bbs" */;
			buildPhases = (
				7298D10E96854DC695EBA262 /* Check Pods Manifest.lock */,
				95AEBDC018F98AAF00C7E8E4 /* Sources */,
				95AEBDC118F98AAF00C7E8E4 /* Frameworks */,
				95AEBDC218F98AAF00C7E8E4 /* Resources */,
				9EA2A285CD8E40B3B57FD46A /* Copy Pods Resources */,
			);
			buildRules = (
			);
			dependencies = (
			);
			name = "日月光华bbs";
			productName = fdubbsClientIphone;
			productReference = 95AEBDC418F98AAF00C7E8E4 /* 日月光华bbs.app */;
			productType = "com.apple.product-type.application";
		};
		95AEBDE718F98AAF00C7E8E4 /* fdubbsClientIphoneTests */ = {
			isa = PBXNativeTarget;
			buildConfigurationList = 95AEBDFC18F98AAF00C7E8E4 /* Build configuration list for PBXNativeTarget "fdubbsClientIphoneTests" */;
			buildPhases = (
				F08840D762C142DEBE2DC3A9 /* Check Pods Manifest.lock */,
				95AEBDE418F98AAF00C7E8E4 /* Sources */,
				95AEBDE518F98AAF00C7E8E4 /* Frameworks */,
				95AEBDE618F98AAF00C7E8E4 /* Resources */,
				8959DFF3042544B38C6A88A9 /* Copy Pods Resources */,
			);
			buildRules = (
			);
			dependencies = (
				95AEBDEE18F98AAF00C7E8E4 /* PBXTargetDependency */,
			);
			name = fdubbsClientIphoneTests;
			productName = fdubbsClientIphoneTests;
			productReference = 95AEBDE818F98AAF00C7E8E4 /* fdubbsClientIphoneTests.xctest */;
			productType = "com.apple.product-type.bundle.unit-test";
		};
/* End PBXNativeTarget section */

/* Begin PBXProject section */
		95AEBDBC18F98AAF00C7E8E4 /* Project object */ = {
			isa = PBXProject;
			attributes = {
				CLASSPREFIX = XLC;
				LastUpgradeCheck = 0510;
				ORGANIZATIONNAME = cn.edu.fudan.ss.xulvcai.fdubbs.client;
				TargetAttributes = {
					95AEBDE718F98AAF00C7E8E4 = {
						TestTargetID = 95AEBDC318F98AAF00C7E8E4;
					};
				};
			};
			buildConfigurationList = 95AEBDBF18F98AAF00C7E8E4 /* Build configuration list for PBXProject "fdubbsClientIphone" */;
			compatibilityVersion = "Xcode 3.2";
			developmentRegion = English;
			hasScannedForEncodings = 0;
			knownRegions = (
				en,
				Base,
				"zh-Hans",
			);
			mainGroup = 95AEBDBB18F98AAF00C7E8E4;
			productRefGroup = 95AEBDC518F98AAF00C7E8E4 /* Products */;
			projectDirPath = "";
			projectRoot = "";
			targets = (
				95AEBDC318F98AAF00C7E8E4 /* 日月光华bbs */,
				95AEBDE718F98AAF00C7E8E4 /* fdubbsClientIphoneTests */,
			);
		};
/* End PBXProject section */

/* Begin PBXResourcesBuildPhase section */
		95AEBDC218F98AAF00C7E8E4 /* Resources */ = {
			isa = PBXResourcesBuildPhase;
			buildActionMask = 2147483647;
			files = (
				95AEBDE318F98AAF00C7E8E4 /* Images.xcassets in Resources */,
				95A2088118FE887D009CDEA3 /* Localizable.strings in Resources */,
				95A2087118FE73BC009CDEA3 /* blackArrow.png in Resources */,
				95AEBDD218F98AAF00C7E8E4 /* InfoPlist.strings in Resources */,
				95A2087818FE73BC009CDEA3 /* whiteArrow@2x.png in Resources */,
				95B71A96191767CA0002B251 /* XLCPostDetailViewCell.xib in Resources */,
				95A2087618FE73BC009CDEA3 /* grayArrow@2x.png in Resources */,
				95A2087418FE73BC009CDEA3 /* blueArrow@2x.png in Resources */,
				95A2087318FE73BC009CDEA3 /* blueArrow.png in Resources */,
				95A2087218FE73BC009CDEA3 /* blackArrow@2x.png in Resources */,
				95A2087718FE73BC009CDEA3 /* whiteArrow.png in Resources */,
				95951BB3190296C50051B628 /* list_divider_line.png in Resources */,
				95A2087518FE73BC009CDEA3 /* grayArrow.png in Resources */,
				95AEBDDB18F98AAF00C7E8E4 /* Main.storyboard in Resources */,
			);
			runOnlyForDeploymentPostprocessing = 0;
		};
		95AEBDE618F98AAF00C7E8E4 /* Resources */ = {
			isa = PBXResourcesBuildPhase;
			buildActionMask = 2147483647;
			files = (
				95AEBDF418F98AAF00C7E8E4 /* InfoPlist.strings in Resources */,
			);
			runOnlyForDeploymentPostprocessing = 0;
		};
/* End PBXResourcesBuildPhase section */

/* Begin PBXShellScriptBuildPhase section */
		7298D10E96854DC695EBA262 /* Check Pods Manifest.lock */ = {
			isa = PBXShellScriptBuildPhase;
			buildActionMask = 2147483647;
			files = (
			);
			inputPaths = (
			);
			name = "Check Pods Manifest.lock";
			outputPaths = (
			);
			runOnlyForDeploymentPostprocessing = 0;
			shellPath = /bin/sh;
			shellScript = "diff \"${PODS_ROOT}/../Podfile.lock\" \"${PODS_ROOT}/Manifest.lock\" > /dev/null\nif [[ $? != 0 ]] ; then\n    cat << EOM\nerror: The sandbox is not in sync with the Podfile.lock. Run 'pod install' or update your CocoaPods installation.\nEOM\n    exit 1\nfi\n";
			showEnvVarsInLog = 0;
		};
		8959DFF3042544B38C6A88A9 /* Copy Pods Resources */ = {
			isa = PBXShellScriptBuildPhase;
			buildActionMask = 2147483647;
			files = (
			);
			inputPaths = (
			);
			name = "Copy Pods Resources";
			outputPaths = (
			);
			runOnlyForDeploymentPostprocessing = 0;
			shellPath = /bin/sh;
			shellScript = "\"${SRCROOT}/Pods/Pods-test-resources.sh\"\n";
			showEnvVarsInLog = 0;
		};
		9EA2A285CD8E40B3B57FD46A /* Copy Pods Resources */ = {
			isa = PBXShellScriptBuildPhase;
			buildActionMask = 2147483647;
			files = (
			);
			inputPaths = (
			);
			name = "Copy Pods Resources";
			outputPaths = (
			);
			runOnlyForDeploymentPostprocessing = 0;
			shellPath = /bin/sh;
			shellScript = "\"${SRCROOT}/Pods/Pods-resources.sh\"\n";
			showEnvVarsInLog = 0;
		};
		F08840D762C142DEBE2DC3A9 /* Check Pods Manifest.lock */ = {
			isa = PBXShellScriptBuildPhase;
			buildActionMask = 2147483647;
			files = (
			);
			inputPaths = (
			);
			name = "Check Pods Manifest.lock";
			outputPaths = (
			);
			runOnlyForDeploymentPostprocessing = 0;
			shellPath = /bin/sh;
			shellScript = "diff \"${PODS_ROOT}/../Podfile.lock\" \"${PODS_ROOT}/Manifest.lock\" > /dev/null\nif [[ $? != 0 ]] ; then\n    cat << EOM\nerror: The sandbox is not in sync with the Podfile.lock. Run 'pod install' or update your CocoaPods installation.\nEOM\n    exit 1\nfi\n";
			showEnvVarsInLog = 0;
		};
/* End PBXShellScriptBuildPhase section */

/* Begin PBXSourcesBuildPhase section */
		95AEBDC018F98AAF00C7E8E4 /* Sources */ = {
			isa = PBXSourcesBuildPhase;
			buildActionMask = 2147483647;
			files = (
				95A2087918FE73BC009CDEA3 /* EGORefreshTableHeaderView.m in Sources */,
				95CCB646191B561600B261D6 /* NIButtonUtilities.m in Sources */,
				95AEBE2318FA7FAD00C7E8E4 /* XLCRESTfulClient.m in Sources */,
				95CCB64E191B561600B261D6 /* NIInMemoryCache.m in Sources */,
				95CCB655191B561600B261D6 /* NIRuntimeClassModifications.m in Sources */,
				95CCB653191B561600B261D6 /* NIOperations.m in Sources */,
				95C1D0661923C36400E38625 /* XLCImage.m in Sources */,
				95C25647191CBD6B00893317 /* ZGNavigationTitleView.m in Sources */,
				95CD130A190635A000CC1F61 /* XLCPostDetail.m in Sources */,
				95AEBE2618FA800300C7E8E4 /* XLCRestConstants.m in Sources */,
				95B45FD619161859004CF5AC /* XLCCustomLinkView.m in Sources */,
				95AEBDD818F98AAF00C7E8E4 /* XLCAppDelegate.m in Sources */,
				95C1D0631923C32A00E38625 /* XLCContent.m in Sources */,
				95CCB64A191B561600B261D6 /* NIDeviceOrientation.m in Sources */,
				95AEBE0C18FA61E600C7E8E4 /* XLCUtil.m in Sources */,
				95CCB64F191B561600B261D6 /* NINavigationAppearance.m in Sources */,
				95CCB64B191B561600B261D6 /* NIError.m in Sources */,
				95AEBE1E18FA67BD00C7E8E4 /* XLCPostSummary.m in Sources */,
				95CCB652191B561600B261D6 /* NINonRetainingCollections.m in Sources */,
				95B7C35C190941CC005C1A4D /* XLCPostDetailViewController.m in Sources */,
				95CCB648191B561600B261D6 /* NIDataStructures.m in Sources */,
				95C25644191CBD5E00893317 /* ZGNavigationBarTitleViewController.m in Sources */,
				95CCB654191B561600B261D6 /* NIPaths.m in Sources */,
				95CCB659191B561600B261D6 /* NIViewRecycler.m in Sources */,
				95CCB647191B561600B261D6 /* NICommonMetrics.m in Sources */,
				95CCB64D191B561600B261D6 /* NIImageUtilities.m in Sources */,
				95CCB649191B561600B261D6 /* NIDebuggingTools.m in Sources */,
				95CCB651191B561600B261D6 /* NINonEmptyCollectionTesting.m in Sources */,
				95CCB65A191B561600B261D6 /* UIResponder+NimbusCore.m in Sources */,
				95AEBE1B18FA67A600C7E8E4 /* XLCPostManager.m in Sources */,
				95AEBE1618FA678D00C7E8E4 /* XLCPostMetaData.m in Sources */,
				95234C671913AB1000C80BEB /* FRDLivelyButton.m in Sources */,
				95CCB611191B555700B261D6 /* NIAttributedLabel.m in Sources */,
				95CCB64C191B561600B261D6 /* NIFoundationMethods.m in Sources */,
				95CCB645191B561600B261D6 /* NIActions.m in Sources */,
				95CCB657191B561600B261D6 /* NISnapshotRotation.m in Sources */,
				95B6E9FE1900246200824D6F /* XLCTopPostsViewController.m in Sources */,
				95CCB650191B561600B261D6 /* NINetworkActivity.m in Sources */,
				95CCB656191B561600B261D6 /* NISDKAvailability.m in Sources */,
				95D78452190BF4F7009779EA /* XLCPostDetailViewCell.m in Sources */,
				95B605B418FD6FC3009F9A39 /* XLCFlatSettings.m in Sources */,
				95AEBDD418F98AAF00C7E8E4 /* main.m in Sources */,
				95AEBE2D18FA916600C7E8E4 /* XLCPostSummaryViewCell.m in Sources */,
				95CCB612191B555700B261D6 /* NSMutableAttributedString+NimbusAttributedLabel.m in Sources */,
				95CCB658191B561600B261D6 /* NIState.m in Sources */,
			);
			runOnlyForDeploymentPostprocessing = 0;
		};
		95AEBDE418F98AAF00C7E8E4 /* Sources */ = {
			isa = PBXSourcesBuildPhase;
			buildActionMask = 2147483647;
			files = (
				95AEBDF618F98AAF00C7E8E4 /* fdubbsClientIphoneTests.m in Sources */,
			);
			runOnlyForDeploymentPostprocessing = 0;
		};
/* End PBXSourcesBuildPhase section */

/* Begin PBXTargetDependency section */
		95AEBDEE18F98AAF00C7E8E4 /* PBXTargetDependency */ = {
			isa = PBXTargetDependency;
			target = 95AEBDC318F98AAF00C7E8E4 /* 日月光华bbs */;
			targetProxy = 95AEBDED18F98AAF00C7E8E4 /* PBXContainerItemProxy */;
		};
/* End PBXTargetDependency section */

/* Begin PBXVariantGroup section */
		95A2088318FE887D009CDEA3 /* Localizable.strings */ = {
			isa = PBXVariantGroup;
			children = (
				95A2088218FE887D009CDEA3 /* zh-Hans */,
				95A2088418FE88B7009CDEA3 /* en */,
				95A2088518FE88BA009CDEA3 /* Base */,
			);
			name = Localizable.strings;
			path = views/TableViewRefresh/Resources;
			sourceTree = "<group>";
		};
		95AEBDD018F98AAF00C7E8E4 /* InfoPlist.strings */ = {
			isa = PBXVariantGroup;
			children = (
				95AEBDD118F98AAF00C7E8E4 /* en */,
				95A2087D18FE87F3009CDEA3 /* zh-Hans */,
			);
			name = InfoPlist.strings;
			sourceTree = "<group>";
		};
		95AEBDD918F98AAF00C7E8E4 /* Main.storyboard */ = {
			isa = PBXVariantGroup;
			children = (
				95AEBDDA18F98AAF00C7E8E4 /* Base */,
				95A2087C18FE87F3009CDEA3 /* zh-Hans */,
			);
			name = Main.storyboard;
			sourceTree = "<group>";
		};
		95AEBDF218F98AAF00C7E8E4 /* InfoPlist.strings */ = {
			isa = PBXVariantGroup;
			children = (
				95AEBDF318F98AAF00C7E8E4 /* en */,
				95A2087E18FE87F3009CDEA3 /* zh-Hans */,
			);
			name = InfoPlist.strings;
			sourceTree = "<group>";
		};
/* End PBXVariantGroup section */

/* Begin XCBuildConfiguration section */
		95AEBDF718F98AAF00C7E8E4 /* Debug */ = {
			isa = XCBuildConfiguration;
			buildSettings = {
				ALWAYS_SEARCH_USER_PATHS = NO;
				CLANG_CXX_LANGUAGE_STANDARD = "gnu++0x";
				CLANG_CXX_LIBRARY = "libc++";
				CLANG_ENABLE_MODULES = YES;
				CLANG_ENABLE_OBJC_ARC = YES;
				CLANG_WARN_BOOL_CONVERSION = YES;
				CLANG_WARN_CONSTANT_CONVERSION = YES;
				CLANG_WARN_DIRECT_OBJC_ISA_USAGE = YES_ERROR;
				CLANG_WARN_EMPTY_BODY = YES;
				CLANG_WARN_ENUM_CONVERSION = YES;
				CLANG_WARN_INT_CONVERSION = YES;
				CLANG_WARN_OBJC_ROOT_CLASS = YES_ERROR;
				CLANG_WARN__DUPLICATE_METHOD_MATCH = YES;
				"CODE_SIGN_IDENTITY[sdk=iphoneos*]" = "iPhone Developer";
				COPY_PHASE_STRIP = NO;
				GCC_C_LANGUAGE_STANDARD = gnu99;
				GCC_DYNAMIC_NO_PIC = NO;
				GCC_OPTIMIZATION_LEVEL = 0;
				GCC_PREPROCESSOR_DEFINITIONS = (
					"DEBUG=1",
					"$(inherited)",
				);
				GCC_SYMBOLS_PRIVATE_EXTERN = NO;
				GCC_WARN_64_TO_32_BIT_CONVERSION = YES;
				GCC_WARN_ABOUT_RETURN_TYPE = YES_ERROR;
				GCC_WARN_UNDECLARED_SELECTOR = YES;
				GCC_WARN_UNINITIALIZED_AUTOS = YES_AGGRESSIVE;
				GCC_WARN_UNUSED_FUNCTION = YES;
				GCC_WARN_UNUSED_VARIABLE = YES;
				IPHONEOS_DEPLOYMENT_TARGET = 7.1;
				ONLY_ACTIVE_ARCH = YES;
				SDKROOT = iphoneos;
			};
			name = Debug;
		};
		95AEBDF818F98AAF00C7E8E4 /* Release */ = {
			isa = XCBuildConfiguration;
			buildSettings = {
				ALWAYS_SEARCH_USER_PATHS = NO;
				CLANG_CXX_LANGUAGE_STANDARD = "gnu++0x";
				CLANG_CXX_LIBRARY = "libc++";
				CLANG_ENABLE_MODULES = YES;
				CLANG_ENABLE_OBJC_ARC = YES;
				CLANG_WARN_BOOL_CONVERSION = YES;
				CLANG_WARN_CONSTANT_CONVERSION = YES;
				CLANG_WARN_DIRECT_OBJC_ISA_USAGE = YES_ERROR;
				CLANG_WARN_EMPTY_BODY = YES;
				CLANG_WARN_ENUM_CONVERSION = YES;
				CLANG_WARN_INT_CONVERSION = YES;
				CLANG_WARN_OBJC_ROOT_CLASS = YES_ERROR;
				CLANG_WARN__DUPLICATE_METHOD_MATCH = YES;
				"CODE_SIGN_IDENTITY[sdk=iphoneos*]" = "iPhone Developer";
				COPY_PHASE_STRIP = YES;
				ENABLE_NS_ASSERTIONS = NO;
				GCC_C_LANGUAGE_STANDARD = gnu99;
				GCC_WARN_64_TO_32_BIT_CONVERSION = YES;
				GCC_WARN_ABOUT_RETURN_TYPE = YES_ERROR;
				GCC_WARN_UNDECLARED_SELECTOR = YES;
				GCC_WARN_UNINITIALIZED_AUTOS = YES_AGGRESSIVE;
				GCC_WARN_UNUSED_FUNCTION = YES;
				GCC_WARN_UNUSED_VARIABLE = YES;
				IPHONEOS_DEPLOYMENT_TARGET = 7.1;
				SDKROOT = iphoneos;
				VALIDATE_PRODUCT = YES;
			};
			name = Release;
		};
		95AEBDFA18F98AAF00C7E8E4 /* Debug */ = {
			isa = XCBuildConfiguration;
			baseConfigurationReference = 71D23146EEBF44C4BA649739 /* Pods.xcconfig */;
			buildSettings = {
				ASSETCATALOG_COMPILER_APPICON_NAME = AppIcon;
				ASSETCATALOG_COMPILER_LAUNCHIMAGE_NAME = LaunchImage;
				GCC_PRECOMPILE_PREFIX_HEADER = YES;
				GCC_PREFIX_HEADER = "fdubbsClientIphone/fdubbsClientIphone-Prefix.pch";
				INFOPLIST_FILE = "fdubbsClientIphone/fdubbsClientIphone-Info.plist";
				PRODUCT_NAME = "$(TARGET_NAME)";
				WRAPPER_EXTENSION = app;
			};
			name = Debug;
		};
		95AEBDFB18F98AAF00C7E8E4 /* Release */ = {
			isa = XCBuildConfiguration;
			baseConfigurationReference = 71D23146EEBF44C4BA649739 /* Pods.xcconfig */;
			buildSettings = {
				ASSETCATALOG_COMPILER_APPICON_NAME = AppIcon;
				ASSETCATALOG_COMPILER_LAUNCHIMAGE_NAME = LaunchImage;
				GCC_PRECOMPILE_PREFIX_HEADER = YES;
				GCC_PREFIX_HEADER = "fdubbsClientIphone/fdubbsClientIphone-Prefix.pch";
				INFOPLIST_FILE = "fdubbsClientIphone/fdubbsClientIphone-Info.plist";
				PRODUCT_NAME = "$(TARGET_NAME)";
				WRAPPER_EXTENSION = app;
			};
			name = Release;
		};
		95AEBDFD18F98AAF00C7E8E4 /* Debug */ = {
			isa = XCBuildConfiguration;
			baseConfigurationReference = 7C84AD7A515B4332B1E544A5 /* Pods-test.xcconfig */;
			buildSettings = {
				BUNDLE_LOADER = "$(BUILT_PRODUCTS_DIR)/fdubbsClientIphone.app/fdubbsClientIphone";
				FRAMEWORK_SEARCH_PATHS = (
					"$(SDKROOT)/Developer/Library/Frameworks",
					"$(inherited)",
					"$(DEVELOPER_FRAMEWORKS_DIR)",
				);
				GCC_PRECOMPILE_PREFIX_HEADER = YES;
				GCC_PREFIX_HEADER = "fdubbsClientIphone/fdubbsClientIphone-Prefix.pch";
				GCC_PREPROCESSOR_DEFINITIONS = (
					"DEBUG=1",
					"$(inherited)",
				);
				INFOPLIST_FILE = "fdubbsClientIphoneTests/fdubbsClientIphoneTests-Info.plist";
				PRODUCT_NAME = "$(TARGET_NAME)";
				TEST_HOST = "$(BUNDLE_LOADER)";
				WRAPPER_EXTENSION = xctest;
			};
			name = Debug;
		};
		95AEBDFE18F98AAF00C7E8E4 /* Release */ = {
			isa = XCBuildConfiguration;
			baseConfigurationReference = 7C84AD7A515B4332B1E544A5 /* Pods-test.xcconfig */;
			buildSettings = {
				BUNDLE_LOADER = "$(BUILT_PRODUCTS_DIR)/fdubbsClientIphone.app/fdubbsClientIphone";
				FRAMEWORK_SEARCH_PATHS = (
					"$(SDKROOT)/Developer/Library/Frameworks",
					"$(inherited)",
					"$(DEVELOPER_FRAMEWORKS_DIR)",
				);
				GCC_PRECOMPILE_PREFIX_HEADER = YES;
				GCC_PREFIX_HEADER = "fdubbsClientIphone/fdubbsClientIphone-Prefix.pch";
				INFOPLIST_FILE = "fdubbsClientIphoneTests/fdubbsClientIphoneTests-Info.plist";
				PRODUCT_NAME = "$(TARGET_NAME)";
				TEST_HOST = "$(BUNDLE_LOADER)";
				WRAPPER_EXTENSION = xctest;
			};
			name = Release;
		};
/* End XCBuildConfiguration section */

/* Begin XCConfigurationList section */
		95AEBDBF18F98AAF00C7E8E4 /* Build configuration list for PBXProject "fdubbsClientIphone" */ = {
			isa = XCConfigurationList;
			buildConfigurations = (
				95AEBDF718F98AAF00C7E8E4 /* Debug */,
				95AEBDF818F98AAF00C7E8E4 /* Release */,
			);
			defaultConfigurationIsVisible = 0;
			defaultConfigurationName = Release;
		};
		95AEBDF918F98AAF00C7E8E4 /* Build configuration list for PBXNativeTarget "日月光华bbs" */ = {
			isa = XCConfigurationList;
			buildConfigurations = (
				95AEBDFA18F98AAF00C7E8E4 /* Debug */,
				95AEBDFB18F98AAF00C7E8E4 /* Release */,
			);
			defaultConfigurationIsVisible = 0;
			defaultConfigurationName = Release;
		};
		95AEBDFC18F98AAF00C7E8E4 /* Build configuration list for PBXNativeTarget "fdubbsClientIphoneTests" */ = {
			isa = XCConfigurationList;
			buildConfigurations = (
				95AEBDFD18F98AAF00C7E8E4 /* Debug */,
				95AEBDFE18F98AAF00C7E8E4 /* Release */,
			);
			defaultConfigurationIsVisible = 0;
			defaultConfigurationName = Release;
		};
/* End XCConfigurationList section */
	};
	rootObject = 95AEBDBC18F98AAF00C7E8E4 /* Project object */;
}
